// !$*UTF8*$!
{
	archiveVersion = 1;
	classes = {
	};
	objectVersion = 55;
	objects = {

/* Begin PBXBuildFile section */
		34FFF6C2911170F8823E497F /* libPods-OAidherence.a in Frameworks */ = {isa = PBXBuildFile; fileRef = 760C46A4A4C569786885BFD8 /* libPods-OAidherence.a */; };
		64028B7F29AE5299009C104B /* PainLevelTileView.swift in Sources */ = {isa = PBXBuildFile; fileRef = 64028B7E29AE5299009C104B /* PainLevelTileView.swift */; };
		64028B8129AEB318009C104B /* PainLevelTileViewModel.swift in Sources */ = {isa = PBXBuildFile; fileRef = 64028B8029AEB318009C104B /* PainLevelTileViewModel.swift */; };
		64028B8429AEFD30009C104B /* ExerciseRatingTileView.swift in Sources */ = {isa = PBXBuildFile; fileRef = 64028B8329AEFD30009C104B /* ExerciseRatingTileView.swift */; };
		64028B8629AEFDA1009C104B /* ExerciseRatingTileViewModel.swift in Sources */ = {isa = PBXBuildFile; fileRef = 64028B8529AEFDA1009C104B /* ExerciseRatingTileViewModel.swift */; };
		64028B8929AF033D009C104B /* PainLevelRatingView.swift in Sources */ = {isa = PBXBuildFile; fileRef = 64028B8829AF033D009C104B /* PainLevelRatingView.swift */; };
		64028B8B29AF0F98009C104B /* PainLevelRatingViewModel.swift in Sources */ = {isa = PBXBuildFile; fileRef = 64028B8A29AF0F98009C104B /* PainLevelRatingViewModel.swift */; };
		640B7AB329A491F300A84FD8 /* ExerciseSetView.swift in Sources */ = {isa = PBXBuildFile; fileRef = 640B7AB029A491F300A84FD8 /* ExerciseSetView.swift */; };
		640B7AB429A491F300A84FD8 /* ExerciseSetViewController.swift in Sources */ = {isa = PBXBuildFile; fileRef = 640B7AB129A491F300A84FD8 /* ExerciseSetViewController.swift */; };
		640B7AB529A491F300A84FD8 /* ExerciseSetViewModel.swift in Sources */ = {isa = PBXBuildFile; fileRef = 640B7AB229A491F300A84FD8 /* ExerciseSetViewModel.swift */; };
		6419AF6129ABDF3700667F4C /* FormCommentTileView.swift in Sources */ = {isa = PBXBuildFile; fileRef = 6419AF6029ABDF3700667F4C /* FormCommentTileView.swift */; };
		6419AF6329ABE6CF00667F4C /* FormCommentTileViewModel.swift in Sources */ = {isa = PBXBuildFile; fileRef = 6419AF6229ABE6CF00667F4C /* FormCommentTileViewModel.swift */; };
		643382D62910BD140067AA19 /* Localizable.strings in Resources */ = {isa = PBXBuildFile; fileRef = 643382D52910BD140067AA19 /* Localizable.strings */; };
		643382D82910BE0D0067AA19 /* Strings+Generated.swift in Sources */ = {isa = PBXBuildFile; fileRef = 643382D72910BE0D0067AA19 /* Strings+Generated.swift */; };
		644E35C7290E52940024B8A5 /* Color+Presets.swift in Sources */ = {isa = PBXBuildFile; fileRef = 644E35C6290E52930024B8A5 /* Color+Presets.swift */; };
		644E35C9290E52AC0024B8A5 /* Font+Presets.swift in Sources */ = {isa = PBXBuildFile; fileRef = 644E35C8290E52AC0024B8A5 /* Font+Presets.swift */; };
		647280992936D401004CCE75 /* CGFloat+Presets.swift in Sources */ = {isa = PBXBuildFile; fileRef = 647280982936D401004CCE75 /* CGFloat+Presets.swift */; };
		6472809D29370BBE004CCE75 /* ResultsView.swift in Sources */ = {isa = PBXBuildFile; fileRef = 6472809C29370BBE004CCE75 /* ResultsView.swift */; };
		6472809F29370BCB004CCE75 /* ResultsViewController.swift in Sources */ = {isa = PBXBuildFile; fileRef = 6472809E29370BCB004CCE75 /* ResultsViewController.swift */; };
		647280A4293ECCA5004CCE75 /* ResultsViewModel.swift in Sources */ = {isa = PBXBuildFile; fileRef = 647280A3293ECCA5004CCE75 /* ResultsViewModel.swift */; };
		647280A7293ED960004CCE75 /* APIHandler.swift in Sources */ = {isa = PBXBuildFile; fileRef = 647280A6293ED960004CCE75 /* APIHandler.swift */; };
		647280A9293EDBC8004CCE75 /* APIEndpoints.swift in Sources */ = {isa = PBXBuildFile; fileRef = 647280A8293EDBC8004CCE75 /* APIEndpoints.swift */; };
		647635C828FBA34F0043DCFD /* Assets.xcassets in Resources */ = {isa = PBXBuildFile; fileRef = 647635C728FBA34F0043DCFD /* Assets.xcassets */; };
		647635D528FBA34F0043DCFD /* OAidherenceTests.swift in Sources */ = {isa = PBXBuildFile; fileRef = 647635D428FBA34F0043DCFD /* OAidherenceTests.swift */; };
		647635DF28FBA34F0043DCFD /* OAidherenceUITests.swift in Sources */ = {isa = PBXBuildFile; fileRef = 647635DE28FBA34F0043DCFD /* OAidherenceUITests.swift */; };
		647635E128FBA34F0043DCFD /* OAidherenceUITestsLaunchTests.swift in Sources */ = {isa = PBXBuildFile; fileRef = 647635E028FBA34F0043DCFD /* OAidherenceUITestsLaunchTests.swift */; };
		647C9F0A2908ECCC007EFE62 /* AppCoordinator.swift in Sources */ = {isa = PBXBuildFile; fileRef = 647C9F092908ECCC007EFE62 /* AppCoordinator.swift */; };
		647C9F482908F277007EFE62 /* Coordinator.swift in Sources */ = {isa = PBXBuildFile; fileRef = 647C9F472908F277007EFE62 /* Coordinator.swift */; };
		647C9F8A2909E91B007EFE62 /* SceneDelegate.swift in Sources */ = {isa = PBXBuildFile; fileRef = 647C9F892909E91B007EFE62 /* SceneDelegate.swift */; };
		6488E9D929A2C5E70090554A /* ExerciseTileView.swift in Sources */ = {isa = PBXBuildFile; fileRef = 6488E9D829A2C5E70090554A /* ExerciseTileView.swift */; };
		6488E9DB29A2C8540090554A /* ExerciseTileViewModel.swift in Sources */ = {isa = PBXBuildFile; fileRef = 6488E9DA29A2C8540090554A /* ExerciseTileViewModel.swift */; };
		6488E9DD29A31F790090554A /* ExerciseTileViewController.swift in Sources */ = {isa = PBXBuildFile; fileRef = 6488E9DC29A31F790090554A /* ExerciseTileViewController.swift */; };
		6488E9EA29A4786E0090554A /* LoadingView.swift in Sources */ = {isa = PBXBuildFile; fileRef = 6488E9E929A4786E0090554A /* LoadingView.swift */; };
		64979C6829A4A1C600C27768 /* BlueButtonView.swift in Sources */ = {isa = PBXBuildFile; fileRef = 64979C6729A4A1C600C27768 /* BlueButtonView.swift */; };
		64A434392990B0F3008F8253 /* UIColor+Hex.swift in Sources */ = {isa = PBXBuildFile; fileRef = 64A434382990B0F3008F8253 /* UIColor+Hex.swift */; };
		64B1BBED2910BA4000AEA7E3 /* swiftgen.yml in Resources */ = {isa = PBXBuildFile; fileRef = 64B1BBEC2910BA4000AEA7E3 /* swiftgen.yml */; };
		64C0441E29AAF378000F244B /* ExerciseStepView.swift in Sources */ = {isa = PBXBuildFile; fileRef = 64C0441C29AAF378000F244B /* ExerciseStepView.swift */; };
		64C0441F29AAF378000F244B /* ExerciseStepViewModel.swift in Sources */ = {isa = PBXBuildFile; fileRef = 64C0441D29AAF378000F244B /* ExerciseStepViewModel.swift */; };
		64C0442229AAF607000F244B /* ExerciseInstructionsViewModel.swift in Sources */ = {isa = PBXBuildFile; fileRef = 64C0442029AAF607000F244B /* ExerciseInstructionsViewModel.swift */; };
		64C0442329AAF607000F244B /* ExerciseInstructionsView.swift in Sources */ = {isa = PBXBuildFile; fileRef = 64C0442129AAF607000F244B /* ExerciseInstructionsView.swift */; };
		64C0442629AB454C000F244B /* ExerciseTipView.swift in Sources */ = {isa = PBXBuildFile; fileRef = 64C0442529AB454C000F244B /* ExerciseTipView.swift */; };
		64C0442829ABB2CF000F244B /* ExerciseTipViewModel.swift in Sources */ = {isa = PBXBuildFile; fileRef = 64C0442729ABB2CF000F244B /* ExerciseTipViewModel.swift */; };
		64D3D4F629A5CB4B0056CB75 /* OnboardingView.swift in Sources */ = {isa = PBXBuildFile; fileRef = 64D3D4F229A5CB4B0056CB75 /* OnboardingView.swift */; };
		64D3D4F729A5CB4B0056CB75 /* LoginView.swift in Sources */ = {isa = PBXBuildFile; fileRef = 64D3D4F429A5CB4B0056CB75 /* LoginView.swift */; };
		64D3D4F829A5CB4B0056CB75 /* LoginViewController.swift in Sources */ = {isa = PBXBuildFile; fileRef = 64D3D4F529A5CB4B0056CB75 /* LoginViewController.swift */; };
		64D3D4FA29A5D28D0056CB75 /* SignupView.swift in Sources */ = {isa = PBXBuildFile; fileRef = 64D3D4F929A5D28D0056CB75 /* SignupView.swift */; };
		64D3D4FE29A5DDF80056CB75 /* OnboardingViewController.swift in Sources */ = {isa = PBXBuildFile; fileRef = 64D3D4FD29A5DDF80056CB75 /* OnboardingViewController.swift */; };
		64D3D50229A66C490056CB75 /* HomeView.swift in Sources */ = {isa = PBXBuildFile; fileRef = 64D3D50129A66C490056CB75 /* HomeView.swift */; };
		64D3D50429A66EB90056CB75 /* StyledTextFieldView.swift in Sources */ = {isa = PBXBuildFile; fileRef = 64D3D50329A66EB90056CB75 /* StyledTextFieldView.swift */; };
		64D3D50629A6E15C0056CB75 /* ExerciseSetTileView.swift in Sources */ = {isa = PBXBuildFile; fileRef = 64D3D50529A6E15C0056CB75 /* ExerciseSetTileView.swift */; };
		64D3D50829A6E6DC0056CB75 /* ExerciseSetTileViewModel.swift in Sources */ = {isa = PBXBuildFile; fileRef = 64D3D50729A6E6DC0056CB75 /* ExerciseSetTileViewModel.swift */; };
		64D3D50B29A6EACD0056CB75 /* CalendarTileView.swift in Sources */ = {isa = PBXBuildFile; fileRef = 64D3D50A29A6EACD0056CB75 /* CalendarTileView.swift */; };
		64D3D50D29A6FB5B0056CB75 /* CalendarTileViewModel.swift in Sources */ = {isa = PBXBuildFile; fileRef = 64D3D50C29A6FB5B0056CB75 /* CalendarTileViewModel.swift */; };
		64D3D50F29A714E70056CB75 /* HomeViewModel.swift in Sources */ = {isa = PBXBuildFile; fileRef = 64D3D50E29A714E70056CB75 /* HomeViewModel.swift */; };
/* End PBXBuildFile section */

/* Begin PBXContainerItemProxy section */
		647635D128FBA34F0043DCFD /* PBXContainerItemProxy */ = {
			isa = PBXContainerItemProxy;
			containerPortal = 647635B828FBA34E0043DCFD /* Project object */;
			proxyType = 1;
			remoteGlobalIDString = 647635BF28FBA34E0043DCFD;
			remoteInfo = OAidherence;
		};
		647635DB28FBA34F0043DCFD /* PBXContainerItemProxy */ = {
			isa = PBXContainerItemProxy;
			containerPortal = 647635B828FBA34E0043DCFD /* Project object */;
			proxyType = 1;
			remoteGlobalIDString = 647635BF28FBA34E0043DCFD;
			remoteInfo = OAidherence;
		};
/* End PBXContainerItemProxy section */

/* Begin PBXFileReference section */
		64028B7E29AE5299009C104B /* PainLevelTileView.swift */ = {isa = PBXFileReference; lastKnownFileType = sourcecode.swift; path = PainLevelTileView.swift; sourceTree = "<group>"; };
		64028B8029AEB318009C104B /* PainLevelTileViewModel.swift */ = {isa = PBXFileReference; lastKnownFileType = sourcecode.swift; path = PainLevelTileViewModel.swift; sourceTree = "<group>"; };
		64028B8329AEFD30009C104B /* ExerciseRatingTileView.swift */ = {isa = PBXFileReference; lastKnownFileType = sourcecode.swift; path = ExerciseRatingTileView.swift; sourceTree = "<group>"; };
		64028B8529AEFDA1009C104B /* ExerciseRatingTileViewModel.swift */ = {isa = PBXFileReference; lastKnownFileType = sourcecode.swift; path = ExerciseRatingTileViewModel.swift; sourceTree = "<group>"; };
		64028B8829AF033D009C104B /* PainLevelRatingView.swift */ = {isa = PBXFileReference; lastKnownFileType = sourcecode.swift; path = PainLevelRatingView.swift; sourceTree = "<group>"; };
		64028B8A29AF0F98009C104B /* PainLevelRatingViewModel.swift */ = {isa = PBXFileReference; lastKnownFileType = sourcecode.swift; path = PainLevelRatingViewModel.swift; sourceTree = "<group>"; };
		640B7AB029A491F300A84FD8 /* ExerciseSetView.swift */ = {isa = PBXFileReference; fileEncoding = 4; lastKnownFileType = sourcecode.swift; path = ExerciseSetView.swift; sourceTree = "<group>"; };
		640B7AB129A491F300A84FD8 /* ExerciseSetViewController.swift */ = {isa = PBXFileReference; fileEncoding = 4; lastKnownFileType = sourcecode.swift; path = ExerciseSetViewController.swift; sourceTree = "<group>"; };
		640B7AB229A491F300A84FD8 /* ExerciseSetViewModel.swift */ = {isa = PBXFileReference; fileEncoding = 4; lastKnownFileType = sourcecode.swift; path = ExerciseSetViewModel.swift; sourceTree = "<group>"; };
		6419AF6029ABDF3700667F4C /* FormCommentTileView.swift */ = {isa = PBXFileReference; lastKnownFileType = sourcecode.swift; path = FormCommentTileView.swift; sourceTree = "<group>"; };
		6419AF6229ABE6CF00667F4C /* FormCommentTileViewModel.swift */ = {isa = PBXFileReference; lastKnownFileType = sourcecode.swift; path = FormCommentTileViewModel.swift; sourceTree = "<group>"; };
		643382D52910BD140067AA19 /* Localizable.strings */ = {isa = PBXFileReference; lastKnownFileType = text.plist.strings; path = Localizable.strings; sourceTree = "<group>"; };
		643382D72910BE0D0067AA19 /* Strings+Generated.swift */ = {isa = PBXFileReference; fileEncoding = 4; lastKnownFileType = sourcecode.swift; path = "Strings+Generated.swift"; sourceTree = "<group>"; };
		644E35C6290E52930024B8A5 /* Color+Presets.swift */ = {isa = PBXFileReference; lastKnownFileType = sourcecode.swift; path = "Color+Presets.swift"; sourceTree = "<group>"; };
		644E35C8290E52AC0024B8A5 /* Font+Presets.swift */ = {isa = PBXFileReference; lastKnownFileType = sourcecode.swift; path = "Font+Presets.swift"; sourceTree = "<group>"; };
		647280982936D401004CCE75 /* CGFloat+Presets.swift */ = {isa = PBXFileReference; lastKnownFileType = sourcecode.swift; path = "CGFloat+Presets.swift"; sourceTree = "<group>"; };
		6472809C29370BBE004CCE75 /* ResultsView.swift */ = {isa = PBXFileReference; lastKnownFileType = sourcecode.swift; path = ResultsView.swift; sourceTree = "<group>"; };
		6472809E29370BCB004CCE75 /* ResultsViewController.swift */ = {isa = PBXFileReference; lastKnownFileType = sourcecode.swift; path = ResultsViewController.swift; sourceTree = "<group>"; };
		647280A3293ECCA5004CCE75 /* ResultsViewModel.swift */ = {isa = PBXFileReference; lastKnownFileType = sourcecode.swift; path = ResultsViewModel.swift; sourceTree = "<group>"; };
		647280A6293ED960004CCE75 /* APIHandler.swift */ = {isa = PBXFileReference; lastKnownFileType = sourcecode.swift; path = APIHandler.swift; sourceTree = "<group>"; };
		647280A8293EDBC8004CCE75 /* APIEndpoints.swift */ = {isa = PBXFileReference; lastKnownFileType = sourcecode.swift; path = APIEndpoints.swift; sourceTree = "<group>"; };
		647635C028FBA34E0043DCFD /* OAidherence.app */ = {isa = PBXFileReference; explicitFileType = wrapper.application; includeInIndex = 0; path = OAidherence.app; sourceTree = BUILT_PRODUCTS_DIR; };
		647635C728FBA34F0043DCFD /* Assets.xcassets */ = {isa = PBXFileReference; lastKnownFileType = folder.assetcatalog; path = Assets.xcassets; sourceTree = "<group>"; };
		647635D028FBA34F0043DCFD /* OAidherenceTests.xctest */ = {isa = PBXFileReference; explicitFileType = wrapper.cfbundle; includeInIndex = 0; path = OAidherenceTests.xctest; sourceTree = BUILT_PRODUCTS_DIR; };
		647635D428FBA34F0043DCFD /* OAidherenceTests.swift */ = {isa = PBXFileReference; lastKnownFileType = sourcecode.swift; path = OAidherenceTests.swift; sourceTree = "<group>"; };
		647635DA28FBA34F0043DCFD /* OAidherenceUITests.xctest */ = {isa = PBXFileReference; explicitFileType = wrapper.cfbundle; includeInIndex = 0; path = OAidherenceUITests.xctest; sourceTree = BUILT_PRODUCTS_DIR; };
		647635DE28FBA34F0043DCFD /* OAidherenceUITests.swift */ = {isa = PBXFileReference; lastKnownFileType = sourcecode.swift; path = OAidherenceUITests.swift; sourceTree = "<group>"; };
		647635E028FBA34F0043DCFD /* OAidherenceUITestsLaunchTests.swift */ = {isa = PBXFileReference; lastKnownFileType = sourcecode.swift; path = OAidherenceUITestsLaunchTests.swift; sourceTree = "<group>"; };
		647C9F092908ECCC007EFE62 /* AppCoordinator.swift */ = {isa = PBXFileReference; lastKnownFileType = sourcecode.swift; path = AppCoordinator.swift; sourceTree = "<group>"; };
		647C9F472908F277007EFE62 /* Coordinator.swift */ = {isa = PBXFileReference; lastKnownFileType = sourcecode.swift; path = Coordinator.swift; sourceTree = "<group>"; };
		647C9F892909E91B007EFE62 /* SceneDelegate.swift */ = {isa = PBXFileReference; lastKnownFileType = sourcecode.swift; path = SceneDelegate.swift; sourceTree = "<group>"; };
		647C9F8C2909ECAA007EFE62 /* Info.plist */ = {isa = PBXFileReference; lastKnownFileType = text.plist; path = Info.plist; sourceTree = "<group>"; };
		6488E9D829A2C5E70090554A /* ExerciseTileView.swift */ = {isa = PBXFileReference; lastKnownFileType = sourcecode.swift; path = ExerciseTileView.swift; sourceTree = "<group>"; };
		6488E9DA29A2C8540090554A /* ExerciseTileViewModel.swift */ = {isa = PBXFileReference; lastKnownFileType = sourcecode.swift; path = ExerciseTileViewModel.swift; sourceTree = "<group>"; };
		6488E9DC29A31F790090554A /* ExerciseTileViewController.swift */ = {isa = PBXFileReference; lastKnownFileType = sourcecode.swift; path = ExerciseTileViewController.swift; sourceTree = "<group>"; };
		6488E9E929A4786E0090554A /* LoadingView.swift */ = {isa = PBXFileReference; lastKnownFileType = sourcecode.swift; path = LoadingView.swift; sourceTree = "<group>"; };
		64979C6729A4A1C600C27768 /* BlueButtonView.swift */ = {isa = PBXFileReference; lastKnownFileType = sourcecode.swift; path = BlueButtonView.swift; sourceTree = "<group>"; };
		64A434382990B0F3008F8253 /* UIColor+Hex.swift */ = {isa = PBXFileReference; lastKnownFileType = sourcecode.swift; path = "UIColor+Hex.swift"; sourceTree = "<group>"; };
		64B1BBEC2910BA4000AEA7E3 /* swiftgen.yml */ = {isa = PBXFileReference; fileEncoding = 4; lastKnownFileType = text.yaml; path = swiftgen.yml; sourceTree = "<group>"; };
		64C0441C29AAF378000F244B /* ExerciseStepView.swift */ = {isa = PBXFileReference; fileEncoding = 4; lastKnownFileType = sourcecode.swift; path = ExerciseStepView.swift; sourceTree = "<group>"; };
		64C0441D29AAF378000F244B /* ExerciseStepViewModel.swift */ = {isa = PBXFileReference; fileEncoding = 4; lastKnownFileType = sourcecode.swift; path = ExerciseStepViewModel.swift; sourceTree = "<group>"; };
		64C0442029AAF607000F244B /* ExerciseInstructionsViewModel.swift */ = {isa = PBXFileReference; fileEncoding = 4; lastKnownFileType = sourcecode.swift; path = ExerciseInstructionsViewModel.swift; sourceTree = "<group>"; };
		64C0442129AAF607000F244B /* ExerciseInstructionsView.swift */ = {isa = PBXFileReference; fileEncoding = 4; lastKnownFileType = sourcecode.swift; path = ExerciseInstructionsView.swift; sourceTree = "<group>"; };
		64C0442529AB454C000F244B /* ExerciseTipView.swift */ = {isa = PBXFileReference; lastKnownFileType = sourcecode.swift; path = ExerciseTipView.swift; sourceTree = "<group>"; };
		64C0442729ABB2CF000F244B /* ExerciseTipViewModel.swift */ = {isa = PBXFileReference; lastKnownFileType = sourcecode.swift; path = ExerciseTipViewModel.swift; sourceTree = "<group>"; };
		64D3D4F229A5CB4B0056CB75 /* OnboardingView.swift */ = {isa = PBXFileReference; fileEncoding = 4; lastKnownFileType = sourcecode.swift; path = OnboardingView.swift; sourceTree = "<group>"; };
		64D3D4F429A5CB4B0056CB75 /* LoginView.swift */ = {isa = PBXFileReference; fileEncoding = 4; lastKnownFileType = sourcecode.swift; path = LoginView.swift; sourceTree = "<group>"; };
		64D3D4F529A5CB4B0056CB75 /* LoginViewController.swift */ = {isa = PBXFileReference; fileEncoding = 4; lastKnownFileType = sourcecode.swift; path = LoginViewController.swift; sourceTree = "<group>"; };
		64D3D4F929A5D28D0056CB75 /* SignupView.swift */ = {isa = PBXFileReference; lastKnownFileType = sourcecode.swift; path = SignupView.swift; sourceTree = "<group>"; };
		64D3D4FD29A5DDF80056CB75 /* OnboardingViewController.swift */ = {isa = PBXFileReference; lastKnownFileType = sourcecode.swift; path = OnboardingViewController.swift; sourceTree = "<group>"; };
		64D3D50129A66C490056CB75 /* HomeView.swift */ = {isa = PBXFileReference; lastKnownFileType = sourcecode.swift; path = HomeView.swift; sourceTree = "<group>"; };
		64D3D50329A66EB90056CB75 /* StyledTextFieldView.swift */ = {isa = PBXFileReference; lastKnownFileType = sourcecode.swift; path = StyledTextFieldView.swift; sourceTree = "<group>"; };
		64D3D50529A6E15C0056CB75 /* ExerciseSetTileView.swift */ = {isa = PBXFileReference; lastKnownFileType = sourcecode.swift; path = ExerciseSetTileView.swift; sourceTree = "<group>"; };
		64D3D50729A6E6DC0056CB75 /* ExerciseSetTileViewModel.swift */ = {isa = PBXFileReference; lastKnownFileType = sourcecode.swift; path = ExerciseSetTileViewModel.swift; sourceTree = "<group>"; };
		64D3D50A29A6EACD0056CB75 /* CalendarTileView.swift */ = {isa = PBXFileReference; lastKnownFileType = sourcecode.swift; path = CalendarTileView.swift; sourceTree = "<group>"; };
		64D3D50C29A6FB5B0056CB75 /* CalendarTileViewModel.swift */ = {isa = PBXFileReference; lastKnownFileType = sourcecode.swift; path = CalendarTileViewModel.swift; sourceTree = "<group>"; };
		64D3D50E29A714E70056CB75 /* HomeViewModel.swift */ = {isa = PBXFileReference; lastKnownFileType = sourcecode.swift; path = HomeViewModel.swift; sourceTree = "<group>"; };
		760C46A4A4C569786885BFD8 /* libPods-OAidherence.a */ = {isa = PBXFileReference; explicitFileType = archive.ar; includeInIndex = 0; path = "libPods-OAidherence.a"; sourceTree = BUILT_PRODUCTS_DIR; };
		CA73BCC58085341DDBBEE890 /* Pods-OAidherence.release.xcconfig */ = {isa = PBXFileReference; includeInIndex = 1; lastKnownFileType = text.xcconfig; name = "Pods-OAidherence.release.xcconfig"; path = "Target Support Files/Pods-OAidherence/Pods-OAidherence.release.xcconfig"; sourceTree = "<group>"; };
		CF95655221B79C369E5AE5CB /* Pods-OAidherence.debug.xcconfig */ = {isa = PBXFileReference; includeInIndex = 1; lastKnownFileType = text.xcconfig; name = "Pods-OAidherence.debug.xcconfig"; path = "Target Support Files/Pods-OAidherence/Pods-OAidherence.debug.xcconfig"; sourceTree = "<group>"; };
/* End PBXFileReference section */

/* Begin PBXFrameworksBuildPhase section */
		647635BD28FBA34E0043DCFD /* Frameworks */ = {
			isa = PBXFrameworksBuildPhase;
			buildActionMask = 2147483647;
			files = (
				34FFF6C2911170F8823E497F /* libPods-OAidherence.a in Frameworks */,
			);
			runOnlyForDeploymentPostprocessing = 0;
		};
		647635CD28FBA34F0043DCFD /* Frameworks */ = {
			isa = PBXFrameworksBuildPhase;
			buildActionMask = 2147483647;
			files = (
			);
			runOnlyForDeploymentPostprocessing = 0;
		};
		647635D728FBA34F0043DCFD /* Frameworks */ = {
			isa = PBXFrameworksBuildPhase;
			buildActionMask = 2147483647;
			files = (
			);
			runOnlyForDeploymentPostprocessing = 0;
		};
/* End PBXFrameworksBuildPhase section */

/* Begin PBXGroup section */
		64028B7C29AE5279009C104B /* Rating */ = {
			isa = PBXGroup;
			children = (
				64028B8729AF02EE009C104B /* PainRating */,
				64028B8229AEFD1E009C104B /* ExerciseRatingTile */,
			);
			path = Rating;
			sourceTree = "<group>";
		};
		64028B7D29AE528B009C104B /* PainLevelTile */ = {
			isa = PBXGroup;
			children = (
				64028B7E29AE5299009C104B /* PainLevelTileView.swift */,
				64028B8029AEB318009C104B /* PainLevelTileViewModel.swift */,
			);
			path = PainLevelTile;
			sourceTree = "<group>";
		};
		64028B8229AEFD1E009C104B /* ExerciseRatingTile */ = {
			isa = PBXGroup;
			children = (
				64028B8329AEFD30009C104B /* ExerciseRatingTileView.swift */,
				64028B8529AEFDA1009C104B /* ExerciseRatingTileViewModel.swift */,
			);
			path = ExerciseRatingTile;
			sourceTree = "<group>";
		};
		64028B8729AF02EE009C104B /* PainRating */ = {
			isa = PBXGroup;
			children = (
				64028B7D29AE528B009C104B /* PainLevelTile */,
				64028B8829AF033D009C104B /* PainLevelRatingView.swift */,
				64028B8A29AF0F98009C104B /* PainLevelRatingViewModel.swift */,
			);
			path = PainRating;
			sourceTree = "<group>";
		};
		64028B9229B99D24009C104B /* Features */ = {
			isa = PBXGroup;
			children = (
				64D3D4F029A5CB4B0056CB75 /* Onboarding */,
				64D3D4FF29A66C3D0056CB75 /* Home */,
				6488E9D629A2C5C30090554A /* ExerciseSet */,
				64D3D51629A9DF1D0056CB75 /* ExerciseInstructions */,
				64028B7C29AE5279009C104B /* Rating */,
				6472809B29370BA5004CCE75 /* Results */,
				6488E9E829A478370090554A /* Loading */,
			);
			path = Features;
			sourceTree = "<group>";
		};
		64028B9329B99EEC009C104B /* Preview Content */ = {
			isa = PBXGroup;
			children = (
			);
			path = "Preview Content";
			sourceTree = "<group>";
		};
		6419AF5F29ABDF2B00667F4C /* FormCommentTile */ = {
			isa = PBXGroup;
			children = (
				6419AF6029ABDF3700667F4C /* FormCommentTileView.swift */,
				6419AF6229ABE6CF00667F4C /* FormCommentTileViewModel.swift */,
			);
			path = FormCommentTile;
			sourceTree = "<group>";
		};
		643382D22910BCF90067AA19 /* Sources */ = {
			isa = PBXGroup;
			children = (
				643382D32910BCFE0067AA19 /* Resources */,
				643382D42910BD050067AA19 /* Generated */,
			);
			path = Sources;
			sourceTree = "<group>";
		};
		643382D32910BCFE0067AA19 /* Resources */ = {
			isa = PBXGroup;
			children = (
				643382D52910BD140067AA19 /* Localizable.strings */,
			);
			path = Resources;
			sourceTree = "<group>";
		};
		643382D42910BD050067AA19 /* Generated */ = {
			isa = PBXGroup;
			children = (
				643382D72910BE0D0067AA19 /* Strings+Generated.swift */,
			);
			path = Generated;
			sourceTree = "<group>";
		};
		644E35C5290E52650024B8A5 /* OAidherenceCore */ = {
			isa = PBXGroup;
			children = (
				64979C6629A4A1B400C27768 /* Components */,
				64979C6529A4A19B00C27768 /* Presets */,
			);
			path = OAidherenceCore;
			sourceTree = "<group>";
		};
		6472809B29370BA5004CCE75 /* Results */ = {
			isa = PBXGroup;
			children = (
				6419AF5F29ABDF2B00667F4C /* FormCommentTile */,
				6472809C29370BBE004CCE75 /* ResultsView.swift */,
				6472809E29370BCB004CCE75 /* ResultsViewController.swift */,
				647280A3293ECCA5004CCE75 /* ResultsViewModel.swift */,
			);
			path = Results;
			sourceTree = "<group>";
		};
		647280A5293ED94B004CCE75 /* APIHandler */ = {
			isa = PBXGroup;
			children = (
				647280A6293ED960004CCE75 /* APIHandler.swift */,
				647280A8293EDBC8004CCE75 /* APIEndpoints.swift */,
			);
			path = APIHandler;
			sourceTree = "<group>";
		};
		647635B728FBA34E0043DCFD = {
			isa = PBXGroup;
			children = (
				64B1BBEC2910BA4000AEA7E3 /* swiftgen.yml */,
				647635C228FBA34E0043DCFD /* OAidherence */,
				644E35C5290E52650024B8A5 /* OAidherenceCore */,
				647635D328FBA34F0043DCFD /* OAidherenceTests */,
				647635DD28FBA34F0043DCFD /* OAidherenceUITests */,
				647635C128FBA34E0043DCFD /* Products */,
				7B61B1D5BA99C86EE85E54DE /* Pods */,
				6A1E47DDD2A7B81C9D840218 /* Frameworks */,
			);
			sourceTree = "<group>";
		};
		647635C128FBA34E0043DCFD /* Products */ = {
			isa = PBXGroup;
			children = (
				647635C028FBA34E0043DCFD /* OAidherence.app */,
				647635D028FBA34F0043DCFD /* OAidherenceTests.xctest */,
				647635DA28FBA34F0043DCFD /* OAidherenceUITests.xctest */,
			);
			name = Products;
			sourceTree = "<group>";
		};
		647635C228FBA34E0043DCFD /* OAidherence */ = {
			isa = PBXGroup;
			children = (
				64028B9229B99D24009C104B /* Features */,
				643382D22910BCF90067AA19 /* Sources */,
				647C9F8C2909ECAA007EFE62 /* Info.plist */,
				647635C728FBA34F0043DCFD /* Assets.xcassets */,
				647C9F892909E91B007EFE62 /* SceneDelegate.swift */,
				647C9F092908ECCC007EFE62 /* AppCoordinator.swift */,
				64028B9329B99EEC009C104B /* Preview Content */,
				647280A5293ED94B004CCE75 /* APIHandler */,
				647C9F0D2908F07A007EFE62 /* Coordinators */,
			);
			path = OAidherence;
			sourceTree = "<group>";
		};
		647635D328FBA34F0043DCFD /* OAidherenceTests */ = {
			isa = PBXGroup;
			children = (
				647635D428FBA34F0043DCFD /* OAidherenceTests.swift */,
			);
			path = OAidherenceTests;
			sourceTree = "<group>";
		};
		647635DD28FBA34F0043DCFD /* OAidherenceUITests */ = {
			isa = PBXGroup;
			children = (
				647635DE28FBA34F0043DCFD /* OAidherenceUITests.swift */,
				647635E028FBA34F0043DCFD /* OAidherenceUITestsLaunchTests.swift */,
			);
			path = OAidherenceUITests;
			sourceTree = "<group>";
		};
		647C9F0D2908F07A007EFE62 /* Coordinators */ = {
			isa = PBXGroup;
			children = (
				647C9F472908F277007EFE62 /* Coordinator.swift */,
			);
			path = Coordinators;
			sourceTree = "<group>";
		};
		6488E9D629A2C5C30090554A /* ExerciseSet */ = {
			isa = PBXGroup;
			children = (
				640B7AB029A491F300A84FD8 /* ExerciseSetView.swift */,
				640B7AB129A491F300A84FD8 /* ExerciseSetViewController.swift */,
				640B7AB229A491F300A84FD8 /* ExerciseSetViewModel.swift */,
				6488E9D729A2C5D60090554A /* ExerciseTile */,
			);
			path = ExerciseSet;
			sourceTree = "<group>";
		};
		6488E9D729A2C5D60090554A /* ExerciseTile */ = {
			isa = PBXGroup;
			children = (
				6488E9D829A2C5E70090554A /* ExerciseTileView.swift */,
				6488E9DA29A2C8540090554A /* ExerciseTileViewModel.swift */,
				6488E9DC29A31F790090554A /* ExerciseTileViewController.swift */,
			);
			path = ExerciseTile;
			sourceTree = "<group>";
		};
		6488E9E829A478370090554A /* Loading */ = {
			isa = PBXGroup;
			children = (
				6488E9E929A4786E0090554A /* LoadingView.swift */,
			);
			path = Loading;
			sourceTree = "<group>";
		};
		64979C6529A4A19B00C27768 /* Presets */ = {
			isa = PBXGroup;
			children = (
				644E35C6290E52930024B8A5 /* Color+Presets.swift */,
				64A434382990B0F3008F8253 /* UIColor+Hex.swift */,
				647280982936D401004CCE75 /* CGFloat+Presets.swift */,
				644E35C8290E52AC0024B8A5 /* Font+Presets.swift */,
			);
			path = Presets;
			sourceTree = "<group>";
		};
		64979C6629A4A1B400C27768 /* Components */ = {
			isa = PBXGroup;
			children = (
				64979C6729A4A1C600C27768 /* BlueButtonView.swift */,
				64D3D50329A66EB90056CB75 /* StyledTextFieldView.swift */,
			);
			path = Components;
			sourceTree = "<group>";
		};
		64C0442429AB4534000F244B /* ExerciseTip */ = {
			isa = PBXGroup;
			children = (
				64C0442529AB454C000F244B /* ExerciseTipView.swift */,
				64C0442729ABB2CF000F244B /* ExerciseTipViewModel.swift */,
			);
			path = ExerciseTip;
			sourceTree = "<group>";
		};
		64D3D4F029A5CB4B0056CB75 /* Onboarding */ = {
			isa = PBXGroup;
			children = (
				64D3D4F229A5CB4B0056CB75 /* OnboardingView.swift */,
				64D3D4FD29A5DDF80056CB75 /* OnboardingViewController.swift */,
				64D3D4F129A5CB4B0056CB75 /* Signup */,
				64D3D4F329A5CB4B0056CB75 /* Login */,
			);
			path = Onboarding;
			sourceTree = "<group>";
		};
		64D3D4F129A5CB4B0056CB75 /* Signup */ = {
			isa = PBXGroup;
			children = (
				64D3D4F929A5D28D0056CB75 /* SignupView.swift */,
			);
			path = Signup;
			sourceTree = "<group>";
		};
		64D3D4F329A5CB4B0056CB75 /* Login */ = {
			isa = PBXGroup;
			children = (
				64D3D4F429A5CB4B0056CB75 /* LoginView.swift */,
				64D3D4F529A5CB4B0056CB75 /* LoginViewController.swift */,
			);
			path = Login;
			sourceTree = "<group>";
		};
		64D3D4FF29A66C3D0056CB75 /* Home */ = {
			isa = PBXGroup;
			children = (
				64D3D50929A6EABF0056CB75 /* CalendarTile */,
				64D3D50029A66C3D0056CB75 /* ExerciseSetTile */,
				64D3D50129A66C490056CB75 /* HomeView.swift */,
				64D3D50E29A714E70056CB75 /* HomeViewModel.swift */,
			);
			path = Home;
			sourceTree = "<group>";
		};
		64D3D50029A66C3D0056CB75 /* ExerciseSetTile */ = {
			isa = PBXGroup;
			children = (
				64D3D50529A6E15C0056CB75 /* ExerciseSetTileView.swift */,
				64D3D50729A6E6DC0056CB75 /* ExerciseSetTileViewModel.swift */,
			);
			path = ExerciseSetTile;
			sourceTree = "<group>";
		};
		64D3D50929A6EABF0056CB75 /* CalendarTile */ = {
			isa = PBXGroup;
			children = (
				64D3D50A29A6EACD0056CB75 /* CalendarTileView.swift */,
				64D3D50C29A6FB5B0056CB75 /* CalendarTileViewModel.swift */,
			);
			path = CalendarTile;
			sourceTree = "<group>";
		};
		64D3D51629A9DF1D0056CB75 /* ExerciseInstructions */ = {
			isa = PBXGroup;
			children = (
				64C0442129AAF607000F244B /* ExerciseInstructionsView.swift */,
				64C0442029AAF607000F244B /* ExerciseInstructionsViewModel.swift */,
				64D3D51729A9DF1D0056CB75 /* ExerciseStep */,
				64C0442429AB4534000F244B /* ExerciseTip */,
			);
			path = ExerciseInstructions;
			sourceTree = "<group>";
		};
		64D3D51729A9DF1D0056CB75 /* ExerciseStep */ = {
			isa = PBXGroup;
			children = (
				64C0441C29AAF378000F244B /* ExerciseStepView.swift */,
				64C0441D29AAF378000F244B /* ExerciseStepViewModel.swift */,
			);
			path = ExerciseStep;
			sourceTree = "<group>";
		};
		6A1E47DDD2A7B81C9D840218 /* Frameworks */ = {
			isa = PBXGroup;
			children = (
				760C46A4A4C569786885BFD8 /* libPods-OAidherence.a */,
			);
			name = Frameworks;
			sourceTree = "<group>";
		};
		7B61B1D5BA99C86EE85E54DE /* Pods */ = {
			isa = PBXGroup;
			children = (
				CF95655221B79C369E5AE5CB /* Pods-OAidherence.debug.xcconfig */,
				CA73BCC58085341DDBBEE890 /* Pods-OAidherence.release.xcconfig */,
			);
			path = Pods;
			sourceTree = "<group>";
		};
/* End PBXGroup section */

/* Begin PBXNativeTarget section */
		647635BF28FBA34E0043DCFD /* OAidherence */ = {
			isa = PBXNativeTarget;
			buildConfigurationList = 647635E428FBA34F0043DCFD /* Build configuration list for PBXNativeTarget "OAidherence" */;
			buildPhases = (
				D8EE58F4D12E4DD8683404D4 /* [CP] Check Pods Manifest.lock */,
				64B1BBE92910B8CD00AEA7E3 /* SwiftGen */,
				647635BC28FBA34E0043DCFD /* Sources */,
				647635BD28FBA34E0043DCFD /* Frameworks */,
				647635BE28FBA34E0043DCFD /* Resources */,
			);
			buildRules = (
			);
			dependencies = (
			);
			name = OAidherence;
			productName = OAidherence;
			productReference = 647635C028FBA34E0043DCFD /* OAidherence.app */;
			productType = "com.apple.product-type.application";
		};
		647635CF28FBA34F0043DCFD /* OAidherenceTests */ = {
			isa = PBXNativeTarget;
			buildConfigurationList = 647635E728FBA34F0043DCFD /* Build configuration list for PBXNativeTarget "OAidherenceTests" */;
			buildPhases = (
				647635CC28FBA34F0043DCFD /* Sources */,
				647635CD28FBA34F0043DCFD /* Frameworks */,
				647635CE28FBA34F0043DCFD /* Resources */,
			);
			buildRules = (
			);
			dependencies = (
				647635D228FBA34F0043DCFD /* PBXTargetDependency */,
			);
			name = OAidherenceTests;
			productName = OAidherenceTests;
			productReference = 647635D028FBA34F0043DCFD /* OAidherenceTests.xctest */;
			productType = "com.apple.product-type.bundle.unit-test";
		};
		647635D928FBA34F0043DCFD /* OAidherenceUITests */ = {
			isa = PBXNativeTarget;
			buildConfigurationList = 647635EA28FBA34F0043DCFD /* Build configuration list for PBXNativeTarget "OAidherenceUITests" */;
			buildPhases = (
				647635D628FBA34F0043DCFD /* Sources */,
				647635D728FBA34F0043DCFD /* Frameworks */,
				647635D828FBA34F0043DCFD /* Resources */,
			);
			buildRules = (
			);
			dependencies = (
				647635DC28FBA34F0043DCFD /* PBXTargetDependency */,
			);
			name = OAidherenceUITests;
			productName = OAidherenceUITests;
			productReference = 647635DA28FBA34F0043DCFD /* OAidherenceUITests.xctest */;
			productType = "com.apple.product-type.bundle.ui-testing";
		};
/* End PBXNativeTarget section */

/* Begin PBXProject section */
		647635B828FBA34E0043DCFD /* Project object */ = {
			isa = PBXProject;
			attributes = {
				BuildIndependentTargetsInParallel = 1;
				LastSwiftUpdateCheck = 1400;
				LastUpgradeCheck = 1400;
				TargetAttributes = {
					647635BF28FBA34E0043DCFD = {
						CreatedOnToolsVersion = 14.0.1;
					};
					647635CF28FBA34F0043DCFD = {
						CreatedOnToolsVersion = 14.0.1;
						TestTargetID = 647635BF28FBA34E0043DCFD;
					};
					647635D928FBA34F0043DCFD = {
						CreatedOnToolsVersion = 14.0.1;
						TestTargetID = 647635BF28FBA34E0043DCFD;
					};
				};
			};
			buildConfigurationList = 647635BB28FBA34E0043DCFD /* Build configuration list for PBXProject "OAidherence" */;
			compatibilityVersion = "Xcode 13.0";
			developmentRegion = en;
			hasScannedForEncodings = 0;
			knownRegions = (
				en,
				Base,
			);
			mainGroup = 647635B728FBA34E0043DCFD;
			productRefGroup = 647635C128FBA34E0043DCFD /* Products */;
			projectDirPath = "";
			projectRoot = "";
			targets = (
				647635BF28FBA34E0043DCFD /* OAidherence */,
				647635CF28FBA34F0043DCFD /* OAidherenceTests */,
				647635D928FBA34F0043DCFD /* OAidherenceUITests */,
			);
		};
/* End PBXProject section */

/* Begin PBXResourcesBuildPhase section */
		647635BE28FBA34E0043DCFD /* Resources */ = {
			isa = PBXResourcesBuildPhase;
			buildActionMask = 2147483647;
			files = (
				643382D62910BD140067AA19 /* Localizable.strings in Resources */,
				647635C828FBA34F0043DCFD /* Assets.xcassets in Resources */,
				64B1BBED2910BA4000AEA7E3 /* swiftgen.yml in Resources */,
			);
			runOnlyForDeploymentPostprocessing = 0;
		};
		647635CE28FBA34F0043DCFD /* Resources */ = {
			isa = PBXResourcesBuildPhase;
			buildActionMask = 2147483647;
			files = (
			);
			runOnlyForDeploymentPostprocessing = 0;
		};
		647635D828FBA34F0043DCFD /* Resources */ = {
			isa = PBXResourcesBuildPhase;
			buildActionMask = 2147483647;
			files = (
			);
			runOnlyForDeploymentPostprocessing = 0;
		};
/* End PBXResourcesBuildPhase section */

/* Begin PBXShellScriptBuildPhase section */
		64B1BBE92910B8CD00AEA7E3 /* SwiftGen */ = {
			isa = PBXShellScriptBuildPhase;
			buildActionMask = 2147483647;
			files = (
			);
			inputFileListPaths = (
			);
			inputPaths = (
			);
			name = SwiftGen;
			outputFileListPaths = (
			);
			outputPaths = (
			);
			runOnlyForDeploymentPostprocessing = 0;
			shellPath = /bin/sh;
			shellScript = "if [[ -f \"${PODS_ROOT}/SwiftGen/bin/swiftgen\" ]]; then\n  \"${PODS_ROOT}/SwiftGen/bin/swiftgen\"\nelse\n  echo \"warning: SwiftGen is not installed. Run 'pod install --repo-update' to install it.\"\nfi \n";
		};
		D8EE58F4D12E4DD8683404D4 /* [CP] Check Pods Manifest.lock */ = {
			isa = PBXShellScriptBuildPhase;
			buildActionMask = 2147483647;
			files = (
			);
			inputFileListPaths = (
			);
			inputPaths = (
				"${PODS_PODFILE_DIR_PATH}/Podfile.lock",
				"${PODS_ROOT}/Manifest.lock",
			);
			name = "[CP] Check Pods Manifest.lock";
			outputFileListPaths = (
			);
			outputPaths = (
				"$(DERIVED_FILE_DIR)/Pods-OAidherence-checkManifestLockResult.txt",
			);
			runOnlyForDeploymentPostprocessing = 0;
			shellPath = /bin/sh;
			shellScript = "diff \"${PODS_PODFILE_DIR_PATH}/Podfile.lock\" \"${PODS_ROOT}/Manifest.lock\" > /dev/null\nif [ $? != 0 ] ; then\n    # print error to STDERR\n    echo \"error: The sandbox is not in sync with the Podfile.lock. Run 'pod install' or update your CocoaPods installation.\" >&2\n    exit 1\nfi\n# This output is used by Xcode 'outputs' to avoid re-running this script phase.\necho \"SUCCESS\" > \"${SCRIPT_OUTPUT_FILE_0}\"\n";
			showEnvVarsInLog = 0;
		};
/* End PBXShellScriptBuildPhase section */

/* Begin PBXSourcesBuildPhase section */
		647635BC28FBA34E0043DCFD /* Sources */ = {
			isa = PBXSourcesBuildPhase;
			buildActionMask = 2147483647;
			files = (
				647280A7293ED960004CCE75 /* APIHandler.swift in Sources */,
				64D3D50229A66C490056CB75 /* HomeView.swift in Sources */,
				64028B8929AF033D009C104B /* PainLevelRatingView.swift in Sources */,
				64D3D50D29A6FB5B0056CB75 /* CalendarTileViewModel.swift in Sources */,
				647280A9293EDBC8004CCE75 /* APIEndpoints.swift in Sources */,
				6472809F29370BCB004CCE75 /* ResultsViewController.swift in Sources */,
				64028B8629AEFDA1009C104B /* ExerciseRatingTileViewModel.swift in Sources */,
				644E35C9290E52AC0024B8A5 /* Font+Presets.swift in Sources */,
				6488E9D929A2C5E70090554A /* ExerciseTileView.swift in Sources */,
				640B7AB429A491F300A84FD8 /* ExerciseSetViewController.swift in Sources */,
				64D3D50629A6E15C0056CB75 /* ExerciseSetTileView.swift in Sources */,
				64D3D4F729A5CB4B0056CB75 /* LoginView.swift in Sources */,
				64C0442229AAF607000F244B /* ExerciseInstructionsViewModel.swift in Sources */,
				647C9F482908F277007EFE62 /* Coordinator.swift in Sources */,
				640B7AB329A491F300A84FD8 /* ExerciseSetView.swift in Sources */,
				647280A4293ECCA5004CCE75 /* ResultsViewModel.swift in Sources */,
				6419AF6329ABE6CF00667F4C /* FormCommentTileViewModel.swift in Sources */,
				64C0442829ABB2CF000F244B /* ExerciseTipViewModel.swift in Sources */,
				64028B8429AEFD30009C104B /* ExerciseRatingTileView.swift in Sources */,
				64D3D4FE29A5DDF80056CB75 /* OnboardingViewController.swift in Sources */,
				64C0441F29AAF378000F244B /* ExerciseStepViewModel.swift in Sources */,
				6472809D29370BBE004CCE75 /* ResultsView.swift in Sources */,
				647C9F0A2908ECCC007EFE62 /* AppCoordinator.swift in Sources */,
				64A434392990B0F3008F8253 /* UIColor+Hex.swift in Sources */,
				64D3D50F29A714E70056CB75 /* HomeViewModel.swift in Sources */,
				64D3D4F829A5CB4B0056CB75 /* LoginViewController.swift in Sources */,
				64028B8B29AF0F98009C104B /* PainLevelRatingViewModel.swift in Sources */,
				6488E9DB29A2C8540090554A /* ExerciseTileViewModel.swift in Sources */,
				6488E9EA29A4786E0090554A /* LoadingView.swift in Sources */,
				64028B7F29AE5299009C104B /* PainLevelTileView.swift in Sources */,
				64C0442629AB454C000F244B /* ExerciseTipView.swift in Sources */,
				64D3D50B29A6EACD0056CB75 /* CalendarTileView.swift in Sources */,
				64028B8129AEB318009C104B /* PainLevelTileViewModel.swift in Sources */,
				64D3D50829A6E6DC0056CB75 /* ExerciseSetTileViewModel.swift in Sources */,
				6488E9DD29A31F790090554A /* ExerciseTileViewController.swift in Sources */,
				647280992936D401004CCE75 /* CGFloat+Presets.swift in Sources */,
				647C9F8A2909E91B007EFE62 /* SceneDelegate.swift in Sources */,
				643382D82910BE0D0067AA19 /* Strings+Generated.swift in Sources */,
				644E35C7290E52940024B8A5 /* Color+Presets.swift in Sources */,
				64C0442329AAF607000F244B /* ExerciseInstructionsView.swift in Sources */,
				64C0441E29AAF378000F244B /* ExerciseStepView.swift in Sources */,
				640B7AB529A491F300A84FD8 /* ExerciseSetViewModel.swift in Sources */,
				64D3D4F629A5CB4B0056CB75 /* OnboardingView.swift in Sources */,
				64D3D50429A66EB90056CB75 /* StyledTextFieldView.swift in Sources */,
				6419AF6129ABDF3700667F4C /* FormCommentTileView.swift in Sources */,
				64D3D4FA29A5D28D0056CB75 /* SignupView.swift in Sources */,
				64979C6829A4A1C600C27768 /* BlueButtonView.swift in Sources */,
			);
			runOnlyForDeploymentPostprocessing = 0;
		};
		647635CC28FBA34F0043DCFD /* Sources */ = {
			isa = PBXSourcesBuildPhase;
			buildActionMask = 2147483647;
			files = (
				647635D528FBA34F0043DCFD /* OAidherenceTests.swift in Sources */,
			);
			runOnlyForDeploymentPostprocessing = 0;
		};
		647635D628FBA34F0043DCFD /* Sources */ = {
			isa = PBXSourcesBuildPhase;
			buildActionMask = 2147483647;
			files = (
				647635E128FBA34F0043DCFD /* OAidherenceUITestsLaunchTests.swift in Sources */,
				647635DF28FBA34F0043DCFD /* OAidherenceUITests.swift in Sources */,
			);
			runOnlyForDeploymentPostprocessing = 0;
		};
/* End PBXSourcesBuildPhase section */

/* Begin PBXTargetDependency section */
		647635D228FBA34F0043DCFD /* PBXTargetDependency */ = {
			isa = PBXTargetDependency;
			target = 647635BF28FBA34E0043DCFD /* OAidherence */;
			targetProxy = 647635D128FBA34F0043DCFD /* PBXContainerItemProxy */;
		};
		647635DC28FBA34F0043DCFD /* PBXTargetDependency */ = {
			isa = PBXTargetDependency;
			target = 647635BF28FBA34E0043DCFD /* OAidherence */;
			targetProxy = 647635DB28FBA34F0043DCFD /* PBXContainerItemProxy */;
		};
/* End PBXTargetDependency section */

/* Begin XCBuildConfiguration section */
		647635E228FBA34F0043DCFD /* Debug */ = {
			isa = XCBuildConfiguration;
			buildSettings = {
				ALWAYS_SEARCH_USER_PATHS = NO;
				CLANG_ANALYZER_NONNULL = YES;
				CLANG_ANALYZER_NUMBER_OBJECT_CONVERSION = YES_AGGRESSIVE;
				CLANG_CXX_LANGUAGE_STANDARD = "gnu++20";
				CLANG_ENABLE_MODULES = YES;
				CLANG_ENABLE_OBJC_ARC = YES;
				CLANG_ENABLE_OBJC_WEAK = YES;
				CLANG_WARN_BLOCK_CAPTURE_AUTORELEASING = YES;
				CLANG_WARN_BOOL_CONVERSION = YES;
				CLANG_WARN_COMMA = YES;
				CLANG_WARN_CONSTANT_CONVERSION = YES;
				CLANG_WARN_DEPRECATED_OBJC_IMPLEMENTATIONS = YES;
				CLANG_WARN_DIRECT_OBJC_ISA_USAGE = YES_ERROR;
				CLANG_WARN_DOCUMENTATION_COMMENTS = YES;
				CLANG_WARN_EMPTY_BODY = YES;
				CLANG_WARN_ENUM_CONVERSION = YES;
				CLANG_WARN_INFINITE_RECURSION = YES;
				CLANG_WARN_INT_CONVERSION = YES;
				CLANG_WARN_NON_LITERAL_NULL_CONVERSION = YES;
				CLANG_WARN_OBJC_IMPLICIT_RETAIN_SELF = YES;
				CLANG_WARN_OBJC_LITERAL_CONVERSION = YES;
				CLANG_WARN_OBJC_ROOT_CLASS = YES_ERROR;
				CLANG_WARN_QUOTED_INCLUDE_IN_FRAMEWORK_HEADER = YES;
				CLANG_WARN_RANGE_LOOP_ANALYSIS = YES;
				CLANG_WARN_STRICT_PROTOTYPES = YES;
				CLANG_WARN_SUSPICIOUS_MOVE = YES;
				CLANG_WARN_UNGUARDED_AVAILABILITY = YES_AGGRESSIVE;
				CLANG_WARN_UNREACHABLE_CODE = YES;
				CLANG_WARN__DUPLICATE_METHOD_MATCH = YES;
				COPY_PHASE_STRIP = NO;
				DEBUG_INFORMATION_FORMAT = dwarf;
				ENABLE_STRICT_OBJC_MSGSEND = YES;
				ENABLE_TESTABILITY = YES;
				GCC_C_LANGUAGE_STANDARD = gnu11;
				GCC_DYNAMIC_NO_PIC = NO;
				GCC_NO_COMMON_BLOCKS = YES;
				GCC_OPTIMIZATION_LEVEL = 0;
				GCC_PREPROCESSOR_DEFINITIONS = (
					"DEBUG=1",
					"$(inherited)",
				);
				GCC_WARN_64_TO_32_BIT_CONVERSION = YES;
				GCC_WARN_ABOUT_RETURN_TYPE = YES_ERROR;
				GCC_WARN_UNDECLARED_SELECTOR = YES;
				GCC_WARN_UNINITIALIZED_AUTOS = YES_AGGRESSIVE;
				GCC_WARN_UNUSED_FUNCTION = YES;
				GCC_WARN_UNUSED_VARIABLE = YES;
				IPHONEOS_DEPLOYMENT_TARGET = 15.5;
				MTL_ENABLE_DEBUG_INFO = INCLUDE_SOURCE;
				MTL_FAST_MATH = YES;
				ONLY_ACTIVE_ARCH = YES;
				SDKROOT = iphoneos;
				SWIFT_ACTIVE_COMPILATION_CONDITIONS = DEBUG;
				SWIFT_OPTIMIZATION_LEVEL = "-Onone";
			};
			name = Debug;
		};
		647635E328FBA34F0043DCFD /* Release */ = {
			isa = XCBuildConfiguration;
			buildSettings = {
				ALWAYS_SEARCH_USER_PATHS = NO;
				CLANG_ANALYZER_NONNULL = YES;
				CLANG_ANALYZER_NUMBER_OBJECT_CONVERSION = YES_AGGRESSIVE;
				CLANG_CXX_LANGUAGE_STANDARD = "gnu++20";
				CLANG_ENABLE_MODULES = YES;
				CLANG_ENABLE_OBJC_ARC = YES;
				CLANG_ENABLE_OBJC_WEAK = YES;
				CLANG_WARN_BLOCK_CAPTURE_AUTORELEASING = YES;
				CLANG_WARN_BOOL_CONVERSION = YES;
				CLANG_WARN_COMMA = YES;
				CLANG_WARN_CONSTANT_CONVERSION = YES;
				CLANG_WARN_DEPRECATED_OBJC_IMPLEMENTATIONS = YES;
				CLANG_WARN_DIRECT_OBJC_ISA_USAGE = YES_ERROR;
				CLANG_WARN_DOCUMENTATION_COMMENTS = YES;
				CLANG_WARN_EMPTY_BODY = YES;
				CLANG_WARN_ENUM_CONVERSION = YES;
				CLANG_WARN_INFINITE_RECURSION = YES;
				CLANG_WARN_INT_CONVERSION = YES;
				CLANG_WARN_NON_LITERAL_NULL_CONVERSION = YES;
				CLANG_WARN_OBJC_IMPLICIT_RETAIN_SELF = YES;
				CLANG_WARN_OBJC_LITERAL_CONVERSION = YES;
				CLANG_WARN_OBJC_ROOT_CLASS = YES_ERROR;
				CLANG_WARN_QUOTED_INCLUDE_IN_FRAMEWORK_HEADER = YES;
				CLANG_WARN_RANGE_LOOP_ANALYSIS = YES;
				CLANG_WARN_STRICT_PROTOTYPES = YES;
				CLANG_WARN_SUSPICIOUS_MOVE = YES;
				CLANG_WARN_UNGUARDED_AVAILABILITY = YES_AGGRESSIVE;
				CLANG_WARN_UNREACHABLE_CODE = YES;
				CLANG_WARN__DUPLICATE_METHOD_MATCH = YES;
				COPY_PHASE_STRIP = NO;
				DEBUG_INFORMATION_FORMAT = "dwarf-with-dsym";
				ENABLE_NS_ASSERTIONS = NO;
				ENABLE_STRICT_OBJC_MSGSEND = YES;
				GCC_C_LANGUAGE_STANDARD = gnu11;
				GCC_NO_COMMON_BLOCKS = YES;
				GCC_WARN_64_TO_32_BIT_CONVERSION = YES;
				GCC_WARN_ABOUT_RETURN_TYPE = YES_ERROR;
				GCC_WARN_UNDECLARED_SELECTOR = YES;
				GCC_WARN_UNINITIALIZED_AUTOS = YES_AGGRESSIVE;
				GCC_WARN_UNUSED_FUNCTION = YES;
				GCC_WARN_UNUSED_VARIABLE = YES;
				IPHONEOS_DEPLOYMENT_TARGET = 15.5;
				MTL_ENABLE_DEBUG_INFO = NO;
				MTL_FAST_MATH = YES;
				SDKROOT = iphoneos;
				SWIFT_COMPILATION_MODE = wholemodule;
				SWIFT_OPTIMIZATION_LEVEL = "-O";
				VALIDATE_PRODUCT = YES;
			};
			name = Release;
		};
		647635E528FBA34F0043DCFD /* Debug */ = {
			isa = XCBuildConfiguration;
			baseConfigurationReference = CF95655221B79C369E5AE5CB /* Pods-OAidherence.debug.xcconfig */;
			buildSettings = {
				ASSETCATALOG_COMPILER_APPICON_NAME = AppIcon;
				ASSETCATALOG_COMPILER_GLOBAL_ACCENT_COLOR_NAME = AccentColor;
				CODE_SIGN_STYLE = Automatic;
				CURRENT_PROJECT_VERSION = 1;
				DEVELOPMENT_ASSET_PATHS = "\"OAidherence/Preview Content\"";
				DEVELOPMENT_TEAM = ZMNGHMDVJ2;
				ENABLE_PREVIEWS = YES;
				GENERATE_INFOPLIST_FILE = YES;
				INFOPLIST_FILE = OAidherence/Info.plist;
				INFOPLIST_KEY_CFBundleDisplayName = Lumbly;
				INFOPLIST_KEY_UIApplicationSupportsIndirectInputEvents = YES;
				INFOPLIST_KEY_UILaunchScreen_Generation = YES;
				INFOPLIST_KEY_UIStatusBarStyle = "";
				INFOPLIST_KEY_UISupportedInterfaceOrientations_iPad = "UIInterfaceOrientationPortrait UIInterfaceOrientationPortraitUpsideDown UIInterfaceOrientationLandscapeLeft UIInterfaceOrientationLandscapeRight";
				INFOPLIST_KEY_UISupportedInterfaceOrientations_iPhone = "UIInterfaceOrientationPortrait UIInterfaceOrientationLandscapeLeft UIInterfaceOrientationLandscapeRight";
				INFOPLIST_KEY_UIUserInterfaceStyle = Light;
				IPHONEOS_DEPLOYMENT_TARGET = 15.0;
				LD_RUNPATH_SEARCH_PATHS = (
					"$(inherited)",
					"@executable_path/Frameworks",
				);
				MARKETING_VERSION = 1.0;
				PRODUCT_BUNDLE_IDENTIFIER = com.yuechenyu.OAidherence;
				PRODUCT_NAME = "$(TARGET_NAME)";
				SWIFT_EMIT_LOC_STRINGS = YES;
				SWIFT_VERSION = 5.0;
				TARGETED_DEVICE_FAMILY = 1;
			};
			name = Debug;
		};
		647635E628FBA34F0043DCFD /* Release */ = {
			isa = XCBuildConfiguration;
			baseConfigurationReference = CA73BCC58085341DDBBEE890 /* Pods-OAidherence.release.xcconfig */;
			buildSettings = {
				ASSETCATALOG_COMPILER_APPICON_NAME = AppIcon;
				ASSETCATALOG_COMPILER_GLOBAL_ACCENT_COLOR_NAME = AccentColor;
				CODE_SIGN_STYLE = Automatic;
				CURRENT_PROJECT_VERSION = 1;
				DEVELOPMENT_ASSET_PATHS = "\"OAidherence/Preview Content\"";
				DEVELOPMENT_TEAM = ZMNGHMDVJ2;
				ENABLE_PREVIEWS = YES;
				GENERATE_INFOPLIST_FILE = YES;
				INFOPLIST_FILE = OAidherence/Info.plist;
				INFOPLIST_KEY_CFBundleDisplayName = Lumbly;
				INFOPLIST_KEY_UIApplicationSupportsIndirectInputEvents = YES;
				INFOPLIST_KEY_UILaunchScreen_Generation = YES;
				INFOPLIST_KEY_UIStatusBarStyle = "";
				INFOPLIST_KEY_UISupportedInterfaceOrientations_iPad = "UIInterfaceOrientationPortrait UIInterfaceOrientationPortraitUpsideDown UIInterfaceOrientationLandscapeLeft UIInterfaceOrientationLandscapeRight";
				INFOPLIST_KEY_UISupportedInterfaceOrientations_iPhone = "UIInterfaceOrientationPortrait UIInterfaceOrientationLandscapeLeft UIInterfaceOrientationLandscapeRight";
				INFOPLIST_KEY_UIUserInterfaceStyle = Light;
				IPHONEOS_DEPLOYMENT_TARGET = 15.0;
				LD_RUNPATH_SEARCH_PATHS = (
					"$(inherited)",
					"@executable_path/Frameworks",
				);
				MARKETING_VERSION = 1.0;
				PRODUCT_BUNDLE_IDENTIFIER = com.yuechenyu.OAidherence;
				PRODUCT_NAME = "$(TARGET_NAME)";
				SWIFT_EMIT_LOC_STRINGS = YES;
				SWIFT_VERSION = 5.0;
				TARGETED_DEVICE_FAMILY = 1;
			};
			name = Release;
		};
		647635E828FBA34F0043DCFD /* Debug */ = {
			isa = XCBuildConfiguration;
			buildSettings = {
				ALWAYS_EMBED_SWIFT_STANDARD_LIBRARIES = YES;
				BUNDLE_LOADER = "$(TEST_HOST)";
				CODE_SIGN_STYLE = Automatic;
				CURRENT_PROJECT_VERSION = 1;
				GENERATE_INFOPLIST_FILE = YES;
				IPHONEOS_DEPLOYMENT_TARGET = 15.5;
				MARKETING_VERSION = 1.0;
				PRODUCT_BUNDLE_IDENTIFIER = com.yuechenyu.OAidherenceTests;
				PRODUCT_NAME = "$(TARGET_NAME)";
				SWIFT_EMIT_LOC_STRINGS = NO;
				SWIFT_VERSION = 5.0;
				TARGETED_DEVICE_FAMILY = 1;
				TEST_HOST = "$(BUILT_PRODUCTS_DIR)/OAidherence.app/$(BUNDLE_EXECUTABLE_FOLDER_PATH)/OAidherence";
			};
			name = Debug;
		};
		647635E928FBA34F0043DCFD /* Release */ = {
			isa = XCBuildConfiguration;
			buildSettings = {
				ALWAYS_EMBED_SWIFT_STANDARD_LIBRARIES = YES;
				BUNDLE_LOADER = "$(TEST_HOST)";
				CODE_SIGN_STYLE = Automatic;
				CURRENT_PROJECT_VERSION = 1;
				GENERATE_INFOPLIST_FILE = YES;
				IPHONEOS_DEPLOYMENT_TARGET = 15.5;
				MARKETING_VERSION = 1.0;
				PRODUCT_BUNDLE_IDENTIFIER = com.yuechenyu.OAidherenceTests;
				PRODUCT_NAME = "$(TARGET_NAME)";
				SWIFT_EMIT_LOC_STRINGS = NO;
				SWIFT_VERSION = 5.0;
				TARGETED_DEVICE_FAMILY = 1;
				TEST_HOST = "$(BUILT_PRODUCTS_DIR)/OAidherence.app/$(BUNDLE_EXECUTABLE_FOLDER_PATH)/OAidherence";
			};
			name = Release;
		};
		647635EB28FBA34F0043DCFD /* Debug */ = {
			isa = XCBuildConfiguration;
			buildSettings = {
				ALWAYS_EMBED_SWIFT_STANDARD_LIBRARIES = YES;
				CODE_SIGN_STYLE = Automatic;
				CURRENT_PROJECT_VERSION = 1;
				GENERATE_INFOPLIST_FILE = YES;
				MARKETING_VERSION = 1.0;
				PRODUCT_BUNDLE_IDENTIFIER = com.yuechenyu.OAidherenceUITests;
				PRODUCT_NAME = "$(TARGET_NAME)";
				SWIFT_EMIT_LOC_STRINGS = NO;
				SWIFT_VERSION = 5.0;
				TARGETED_DEVICE_FAMILY = 1;
				TEST_TARGET_NAME = OAidherence;
			};
			name = Debug;
		};
		647635EC28FBA34F0043DCFD /* Release */ = {
			isa = XCBuildConfiguration;
			buildSettings = {
				ALWAYS_EMBED_SWIFT_STANDARD_LIBRARIES = YES;
				CODE_SIGN_STYLE = Automatic;
				CURRENT_PROJECT_VERSION = 1;
				GENERATE_INFOPLIST_FILE = YES;
				MARKETING_VERSION = 1.0;
				PRODUCT_BUNDLE_IDENTIFIER = com.yuechenyu.OAidherenceUITests;
				PRODUCT_NAME = "$(TARGET_NAME)";
				SWIFT_EMIT_LOC_STRINGS = NO;
				SWIFT_VERSION = 5.0;
				TARGETED_DEVICE_FAMILY = 1;
				TEST_TARGET_NAME = OAidherence;
			};
			name = Release;
		};
/* End XCBuildConfiguration section */

/* Begin XCConfigurationList section */
		647635BB28FBA34E0043DCFD /* Build configuration list for PBXProject "OAidherence" */ = {
			isa = XCConfigurationList;
			buildConfigurations = (
				647635E228FBA34F0043DCFD /* Debug */,
				647635E328FBA34F0043DCFD /* Release */,
			);
			defaultConfigurationIsVisible = 0;
			defaultConfigurationName = Release;
		};
		647635E428FBA34F0043DCFD /* Build configuration list for PBXNativeTarget "OAidherence" */ = {
			isa = XCConfigurationList;
			buildConfigurations = (
				647635E528FBA34F0043DCFD /* Debug */,
				647635E628FBA34F0043DCFD /* Release */,
			);
			defaultConfigurationIsVisible = 0;
			defaultConfigurationName = Release;
		};
		647635E728FBA34F0043DCFD /* Build configuration list for PBXNativeTarget "OAidherenceTests" */ = {
			isa = XCConfigurationList;
			buildConfigurations = (
				647635E828FBA34F0043DCFD /* Debug */,
				647635E928FBA34F0043DCFD /* Release */,
			);
			defaultConfigurationIsVisible = 0;
			defaultConfigurationName = Release;
		};
		647635EA28FBA34F0043DCFD /* Build configuration list for PBXNativeTarget "OAidherenceUITests" */ = {
			isa = XCConfigurationList;
			buildConfigurations = (
				647635EB28FBA34F0043DCFD /* Debug */,
				647635EC28FBA34F0043DCFD /* Release */,
			);
			defaultConfigurationIsVisible = 0;
			defaultConfigurationName = Release;
		};
/* End XCConfigurationList section */
	};
	rootObject = 647635B828FBA34E0043DCFD /* Project object */;
}
